Microsoft Visual Studio Solution File, Format Version 11.00
# Visual Studio 2008

Project("{218A2C91-7A61-DC66-F031-7879BADC728D}") = "Hexa Quest", "Assembly-CSharp-firstpass.csproj", "{48BEB39F-F5DF-9509-AFCC-5A699E45A185}"
EndProject
Project("{218A2C91-7A61-DC66-F031-7879BADC728D}") = "Hexa Quest", "Assembly-CSharp.csproj", "{1BA02308-7D92-9110-6FFC-F588D6DF3AF0}"
EndProject
Global
	GlobalSection(SolutionConfigurationPlatforms) = preSolution
		Debug|Any CPU = Debug|Any CPU
		Release|Any CPU = Release|Any CPU
	EndGlobalSection
	GlobalSection(ProjectConfigurationPlatforms) = postSolution
		{48BEB39F-F5DF-9509-AFCC-5A699E45A185}.Debug|Any CPU.ActiveCfg = Debug|Any CPU
		{48BEB39F-F5DF-9509-AFCC-5A699E45A185}.Debug|Any CPU.Build.0 = Debug|Any CPU
		{48BEB39F-F5DF-9509-AFCC-5A699E45A185}.Release|Any CPU.ActiveCfg = Release|Any CPU
		{48BEB39F-F5DF-9509-AFCC-5A699E45A185}.Release|Any CPU.Build.0 = Release|Any CPU
		{1BA02308-7D92-9110-6FFC-F588D6DF3AF0}.Debug|Any CPU.ActiveCfg = Debug|Any CPU
		{1BA02308-7D92-9110-6FFC-F588D6DF3AF0}.Debug|Any CPU.Build.0 = Debug|Any CPU
		{1BA02308-7D92-9110-6FFC-F588D6DF3AF0}.Release|Any CPU.ActiveCfg = Release|Any CPU
		{1BA02308-7D92-9110-6FFC-F588D6DF3AF0}.Release|Any CPU.Build.0 = Release|Any CPU
	EndGlobalSection
	GlobalSection(SolutionProperties) = preSolution
		HideSolutionNode = FALSE
	EndGlobalSection
	GlobalSection(MonoDevelopProperties) = preSolution
		StartupItem = Assembly-CSharp.csproj
	EndGlobalSection
EndGlobal
